<?xml version="1.0" encoding="utf-8"?>
<Project ToolsVersion="4.0" xmlns="http://schemas.microsoft.com/developer/msbuild/2003">
  <ItemGroup>
    <Filter Include="소스 파일">
      <UniqueIdentifier>{4FC737F1-C7A5-4376-A066-2A32D752A2FF}</UniqueIdentifier>
      <Extensions>cpp;c;cc;cxx;c++;cppm;ixx;def;odl;idl;hpj;bat;asm;asmx</Extensions>
    </Filter>
    <Filter Include="헤더 파일">
      <UniqueIdentifier>{93995380-89BD-4b04-88EB-625FBE52EBFB}</UniqueIdentifier>
      <Extensions>h;hh;hpp;hxx;h++;hm;inl;inc;ipp;xsd</Extensions>
    </Filter>
    <Filter Include="리소스 파일">
      <UniqueIdentifier>{67DA6AB6-F800-4c08-8B7A-83BB121AAD01}</UniqueIdentifier>
      <Extensions>rc;ico;cur;bmp;dlg;rc2;rct;bin;rgs;gif;jpg;jpeg;jpe;resx;tiff;tif;png;wav;mfcribbon-ms</Extensions>
    </Filter>
    <Filter Include="소스 파일\00.GameFramework">
      <UniqueIdentifier>{fbadf040-076c-4883-944b-9d2c472ae95f}</UniqueIdentifier>
    </Filter>
    <Filter Include="소스 파일\01. GameObject">
      <UniqueIdentifier>{ca4d6f7b-0eb6-4e1d-a3d1-a30909c80f54}</UniqueIdentifier>
    </Filter>
    <Filter Include="소스 파일\01. GameObject\00.Player">
      <UniqueIdentifier>{4f6e70ae-21ea-4464-9c24-acbad939f1bd}</UniqueIdentifier>
    </Filter>
    <Filter Include="소스 파일\01. GameObject\01. Monster">
      <UniqueIdentifier>{2c60a7fb-676f-4a8c-852b-51f3881fdfa4}</UniqueIdentifier>
    </Filter>
    <Filter Include="소스 파일\02.Scene">
      <UniqueIdentifier>{3dbc554b-052f-4926-8fed-58fd6afd634f}</UniqueIdentifier>
    </Filter>
    <Filter Include="소스 파일\03.Mesh">
      <UniqueIdentifier>{daac37af-ec23-4b3c-80ae-69ad74fe9429}</UniqueIdentifier>
    </Filter>
    <Filter Include="소스 파일\04.Camera">
      <UniqueIdentifier>{a2f59c11-4977-4c68-bcae-0821166b429e}</UniqueIdentifier>
    </Filter>
    <Filter Include="소스 파일\05.Shader">
      <UniqueIdentifier>{c88e6f6d-132a-4bc9-aaa4-e20a139af557}</UniqueIdentifier>
    </Filter>
    <Filter Include="소스 파일\06.Timer">
      <UniqueIdentifier>{eca59e0f-9257-4afb-915c-8ff7386532a6}</UniqueIdentifier>
    </Filter>
    <Filter Include="소스 파일\99.Useless">
      <UniqueIdentifier>{8b387373-9c90-4f0d-811a-f2de90e1249e}</UniqueIdentifier>
    </Filter>
    <Filter Include="소스 파일\07.TextureLoad">
      <UniqueIdentifier>{db77af66-b99f-45d5-83f1-19eef70b5d29}</UniqueIdentifier>
    </Filter>
    <Filter Include="소스 파일\02.Scene\00.Open">
      <UniqueIdentifier>{b29041e1-3e69-418f-8a17-8884a934cffe}</UniqueIdentifier>
    </Filter>
    <Filter Include="소스 파일\02.Scene\01.Login">
      <UniqueIdentifier>{1870468f-7b1d-4f8d-99df-42ef77e1687c}</UniqueIdentifier>
    </Filter>
    <Filter Include="소스 파일\02.Scene\02.Stage">
      <UniqueIdentifier>{8bfb1114-ff9e-4520-b2ca-3feb3cce9b38}</UniqueIdentifier>
    </Filter>
  </ItemGroup>
  <ItemGroup>
    <ClInclude Include="Resource.h">
      <Filter>헤더 파일</Filter>
    </ClInclude>
    <ClInclude Include="Voodoo_Doll.h">
      <Filter>헤더 파일</Filter>
    </ClInclude>
    <ClInclude Include="SERVER.h">
      <Filter>헤더 파일</Filter>
    </ClInclude>
    <ClInclude Include="protocol.h">
      <Filter>헤더 파일</Filter>
    </ClInclude>
    <ClInclude Include="GameFramework.h">
      <Filter>소스 파일\00.GameFramework</Filter>
    </ClInclude>
    <ClInclude Include="Object.h">
      <Filter>소스 파일\01. GameObject</Filter>
    </ClInclude>
    <ClInclude Include="Player.h">
      <Filter>소스 파일\01. GameObject\00.Player</Filter>
    </ClInclude>
    <ClInclude Include="Monster.h">
      <Filter>소스 파일\01. GameObject\01. Monster</Filter>
    </ClInclude>
    <ClInclude Include="Scene.h">
      <Filter>소스 파일\02.Scene</Filter>
    </ClInclude>
    <ClInclude Include="Mesh.h">
      <Filter>소스 파일\03.Mesh</Filter>
    </ClInclude>
    <ClInclude Include="Camera.h">
      <Filter>소스 파일\04.Camera</Filter>
    </ClInclude>
    <ClInclude Include="Shader.h">
      <Filter>소스 파일\05.Shader</Filter>
    </ClInclude>
    <ClInclude Include="Timer.h">
      <Filter>소스 파일\06.Timer</Filter>
    </ClInclude>
    <ClInclude Include="targetver.h">
      <Filter>소스 파일\99.Useless</Filter>
    </ClInclude>
    <ClInclude Include="stdafx.h">
      <Filter>소스 파일\99.Useless</Filter>
    </ClInclude>
    <ClInclude Include="Stage.h">
      <Filter>소스 파일\02.Scene\02.Stage</Filter>
    </ClInclude>
    <ClInclude Include="Login.h">
      <Filter>소스 파일\02.Scene\01.Login</Filter>
    </ClInclude>
  </ItemGroup>
  <ItemGroup>
    <ClCompile Include="Voodoo_Doll.cpp">
      <Filter>소스 파일</Filter>
    </ClCompile>
    <ClCompile Include="GameFramework.cpp">
      <Filter>소스 파일\00.GameFramework</Filter>
    </ClCompile>
    <ClCompile Include="Object.cpp">
      <Filter>소스 파일\01. GameObject</Filter>
    </ClCompile>
    <ClCompile Include="Player.cpp">
      <Filter>소스 파일\01. GameObject\00.Player</Filter>
    </ClCompile>
    <ClCompile Include="Monster.cpp">
      <Filter>소스 파일\01. GameObject\01. Monster</Filter>
    </ClCompile>
    <ClCompile Include="Scene.cpp">
      <Filter>소스 파일\02.Scene</Filter>
    </ClCompile>
    <ClCompile Include="Mesh.cpp">
      <Filter>소스 파일\03.Mesh</Filter>
    </ClCompile>
    <ClCompile Include="Camera.cpp">
      <Filter>소스 파일\04.Camera</Filter>
    </ClCompile>
    <ClCompile Include="Shader.cpp">
      <Filter>소스 파일\05.Shader</Filter>
    </ClCompile>
    <ClCompile Include="Timer.cpp">
      <Filter>소스 파일\06.Timer</Filter>
    </ClCompile>
    <ClCompile Include="stdafx.cpp">
      <Filter>소스 파일\99.Useless</Filter>
    </ClCompile>
    <ClCompile Include="Stage.cpp">
      <Filter>소스 파일\02.Scene\02.Stage</Filter>
    </ClCompile>
    <ClCompile Include="Login.cpp">
      <Filter>소스 파일\02.Scene\01.Login</Filter>
    </ClCompile>
  </ItemGroup>
  <ItemGroup>
    <ResourceCompile Include="Voodoo_Doll.rc">
      <Filter>리소스 파일</Filter>
    </ResourceCompile>
  </ItemGroup>
  <ItemGroup>
    <Image Include="small.ico">
      <Filter>리소스 파일</Filter>
    </Image>
    <Image Include="Voodoo_Doll.ico">
      <Filter>리소스 파일</Filter>
    </Image>
  </ItemGroup>
  <ItemGroup>
    <FxCompile Include="Light.hlsl" />
    <FxCompile Include="Shaders.hlsl" />
  </ItemGroup>
  <ItemGroup>
    <Text Include="ReadMe.txt" />
  </ItemGroup>
</Project>